
Microsoft Visual Studio Solution File, Format Version 12.00
# Visual Studio 15
VisualStudioVersion = 15.0.27428.1
MinimumVisualStudioVersion = 10.0.40219.1
Project("{9A19103F-16F7-4668-BE54-9A1E7A4F7556}") = "ProjectStructure", "ProjectStructure\ProjectStructure.csproj", "{8660D099-18C9-43EE-9BCF-AC206F6E4CD1}"
EndProject
Project("{FAE04EC0-301F-11D3-BF4B-00C04F79EFBC}") = "ProjectStructure.DAL", "ProjectStructure.DAL\ProjectStructure.DAL.csproj", "{45CFAA79-44D8-44FD-82E6-674499D537D3}"
EndProject
Project("{FAE04EC0-301F-11D3-BF4B-00C04F79EFBC}") = "ProjectStructure.BLL", "ProjectStructure.BL\ProjectStructure.BLL.csproj", "{F0C5F478-DF0E-45EF-B4DE-EA47BB2406A5}"
EndProject
Global
	GlobalSection(SolutionConfigurationPlatforms) = preSolution
		Debug|Any CPU = Debug|Any CPU
		Release|Any CPU = Release|Any CPU
	EndGlobalSection
	GlobalSection(ProjectConfigurationPlatforms) = postSolution
		{8660D099-18C9-43EE-9BCF-AC206F6E4CD1}.Debug|Any CPU.ActiveCfg = Debug|Any CPU
		{8660D099-18C9-43EE-9BCF-AC206F6E4CD1}.Debug|Any CPU.Build.0 = Debug|Any CPU
		{8660D099-18C9-43EE-9BCF-AC206F6E4CD1}.Release|Any CPU.ActiveCfg = Release|Any CPU
		{8660D099-18C9-43EE-9BCF-AC206F6E4CD1}.Release|Any CPU.Build.0 = Release|Any CPU
		{45CFAA79-44D8-44FD-82E6-674499D537D3}.Debug|Any CPU.ActiveCfg = Debug|Any CPU
		{45CFAA79-44D8-44FD-82E6-674499D537D3}.Debug|Any CPU.Build.0 = Debug|Any CPU
		{45CFAA79-44D8-44FD-82E6-674499D537D3}.Release|Any CPU.ActiveCfg = Release|Any CPU
		{45CFAA79-44D8-44FD-82E6-674499D537D3}.Release|Any CPU.Build.0 = Release|Any CPU
		{F0C5F478-DF0E-45EF-B4DE-EA47BB2406A5}.Debug|Any CPU.ActiveCfg = Debug|Any CPU
		{F0C5F478-DF0E-45EF-B4DE-EA47BB2406A5}.Debug|Any CPU.Build.0 = Debug|Any CPU
		{F0C5F478-DF0E-45EF-B4DE-EA47BB2406A5}.Release|Any CPU.ActiveCfg = Release|Any CPU
		{F0C5F478-DF0E-45EF-B4DE-EA47BB2406A5}.Release|Any CPU.Build.0 = Release|Any CPU
	EndGlobalSection
	GlobalSection(SolutionProperties) = preSolution
		HideSolutionNode = FALSE
	EndGlobalSection
	GlobalSection(ExtensibilityGlobals) = postSolution
		SolutionGuid = {FDE5E9F9-B2B7-4A27-926D-8392B5547160}
	EndGlobalSection
EndGlobal
